# Retained dependency lock for the exact Perfect Arithmetic Q6 candidate root.
# Registry versions/checksums are copied from the retained Q6 performance
# resolution. Q6 copies this file into the materialized candidate and requires
# all candidate-root Cargo evidence to run with --locked.
version = 4

[[package]]
name = "autocfg"
version = "1.5.1"
source = "registry+https://github.com/rust-lang/crates.io-index"
checksum = "f2032f911046de80f0a198e0901378627c33f59ea0ac00e363d481118bd70a53"

[[package]]
name = "cfg-if"
version = "1.0.5"
source = "registry+https://github.com/rust-lang/crates.io-index"
checksum = "4e7648175b45a9a48536d676f68d918270699102aa8dab5496df06904c914600"

[[package]]
name = "dashu-base"
version = "0.6.1"
source = "registry+https://github.com/rust-lang/crates.io-index"
checksum = "861a614e79388a4c72aa66b0bdabc91e3a4f30d53e0c8d962953e207d75884d0"
dependencies = [
 "num-modular",
]

[[package]]
name = "dashu-int"
version = "0.6.2"
source = "registry+https://github.com/rust-lang/crates.io-index"
checksum = "64a0490b40a6a3f6427970035f17f76fd59c01d3cd9f9140809672863a0d64c8"
dependencies = [
 "cfg-if",
 "dashu-base",
 "num-modular",
 "static_assertions",
]

[[package]]
name = "num-bigint"
version = "0.5.1"
source = "registry+https://github.com/rust-lang/crates.io-index"
checksum = "93e7820bc0a80a0238e650327316f929ba18d5be054b647490a3a6a339f3e7c0"
dependencies = [
 "num-integer",
 "num-traits",
]

[[package]]
name = "num-integer"
version = "0.1.47"
source = "registry+https://github.com/rust-lang/crates.io-index"
checksum = "7ce2d95d4b3734dc35aa2f45e1aa22cd416814592a4f9d9205e11affd5b8e10b"
dependencies = [
 "num-traits",
]

[[package]]
name = "num-modular"
version = "0.6.6"
source = "registry+https://github.com/rust-lang/crates.io-index"
checksum = "26ac76200f74e658124f95fa63e1a82b2fd2181c5b2fdde80b3d89d2d3f905e7"

[[package]]
name = "num-traits"
version = "0.2.19"
source = "registry+https://github.com/rust-lang/crates.io-index"
checksum = "071dfc062690e90b734c0b2273ce72ad0ffa95f0c74596bc250dcfd960262841"
dependencies = [
 "autocfg",
]

[[package]]
name = "perfect-arithmetic"
version = "0.1.0"
dependencies = [
 "dashu-int",
 "num-bigint",
 "num-integer",
 "perfect-numeric",
]

[[package]]
name = "perfect-numeric"
version = "0.1.0"

[[package]]
name = "static_assertions"
version = "1.1.0"
source = "registry+https://github.com/rust-lang/crates.io-index"
checksum = "a2eb9349b6444b326872e140eb1cf5e7c522154d69e7a0ffb0fb81c06b37543f"
